[[package]]
name = "asgiref"
version = "3.8.1"
description = "ASGI specs, helper code, and adapters"
category = "main"
optional = false
python-versions = ">=3.8"

[package.dependencies]
typing-extensions = {version = ">=4", markers = "python_version < \"3.11\""}

[package.extras]
tests = ["pytest", "pytest-asyncio", "mypy (>=0.800)"]

[[package]]
name = "django"
version = "5.2"
description = "A high-level Python web framework that encourages rapid development and clean, pragmatic design."
category = "main"
optional = false
python-versions = ">=3.10"

[package.dependencies]
asgiref = ">=3.8.1"
sqlparse = ">=0.3.1"
tzdata = {version = "*", markers = "sys_platform == \"win32\""}

[package.extras]
argon2 = ["argon2-cffi (>=19.1.0)"]
bcrypt = ["bcrypt"]

[[package]]
name = "django-cors-headers"
version = "4.7.0"
description = "django-cors-headers is a Django application for handling the server headers required for Cross-Origin Resource Sharing (CORS)."
category = "main"
optional = false
python-versions = ">=3.9"

[package.dependencies]
asgiref = ">=3.6"
django = ">=4.2"

[[package]]
name = "django-filter"
version = "25.1"
description = "Django-filter is a reusable Django application for allowing users to filter querysets dynamically."
category = "main"
optional = false
python-versions = ">=3.9"

[package.dependencies]
Django = ">=4.2"

[[package]]
name = "djangorestframework"
version = "3.16.0"
description = "Web APIs for Django, made easy."
category = "main"
optional = false
python-versions = ">=3.9"

[package.dependencies]
django = ">=4.2"

[[package]]
name = "djangorestframework-simplejwt"
version = "5.5.0"
description = "A minimal JSON Web Token authentication plugin for Django REST Framework"
category = "main"
optional = false
python-versions = ">=3.9"

[package.dependencies]
django = ">=4.2"
djangorestframework = ">=3.14"
pyjwt = ">=1.7.1,<2.10.0"

[package.extras]
test = ["cryptography", "freezegun", "pytest-cov", "pytest-django", "pytest-xdist", "pytest", "tox"]
lint = ["ruff", "yesqa", "pyupgrade", "pre-commit"]
doc = ["Sphinx (>=1.6.5,<2)", "sphinx_rtd_theme (>=0.1.9)"]
dev = ["pytest-watch", "wheel", "twine", "ipython", "cryptography", "freezegun", "pytest-cov", "pytest-django", "pytest-xdist", "pytest", "tox", "ruff", "yesqa", "pyupgrade", "pre-commit", "Sphinx (>=1.6.5,<2)", "sphinx_rtd_theme (>=0.1.9)", "python-jose (==3.3.0)"]
python-jose = ["python-jose (==3.3.0)"]
crypto = ["cryptography (>=3.3.1)"]

[[package]]
name = "markdown"
version = "3.8"
description = "Python implementation of John Gruber's Markdown."
category = "main"
optional = false
python-versions = ">=3.9"

[package.extras]
testing = ["coverage", "pyyaml"]
docs = ["mkdocs (>=1.6)", "mkdocs-nature (>=0.6)", "mdx_gh_links (>=0.2)", "mkdocstrings", "mkdocs-gen-files", "mkdocs-section-index", "mkdocs-literate-nav"]

[[package]]
name = "pillow"
version = "11.2.1"
description = "Python Imaging Library (Fork)"
category = "main"
optional = false
python-versions = ">=3.9"

[package.extras]
docs = ["furo", "olefile", "sphinx (>=8.2)", "sphinx-copybutton", "sphinx-inline-tabs", "sphinxext-opengraph"]
fpx = ["olefile"]
mic = ["olefile"]
test-arrow = ["pyarrow"]
tests = ["check-manifest", "coverage (>=7.4.2)", "defusedxml", "markdown2", "olefile", "packaging", "pyroma", "pytest", "pytest-cov", "pytest-timeout", "trove-classifiers (>=2024.10.12)"]
typing = ["typing-extensions"]
xmp = ["defusedxml"]

[[package]]
name = "pyjwt"
version = "2.9.0"
description = "JSON Web Token implementation in Python"
category = "main"
optional = false
python-versions = ">=3.8"

[package.extras]
crypto = ["cryptography (>=3.4.0)"]
dev = ["sphinx", "sphinx-rtd-theme", "zope.interface", "cryptography (>=3.4.0)", "pytest (>=6.0.0,<7.0.0)", "coverage[toml] (==5.0.4)", "pre-commit"]
docs = ["sphinx", "sphinx-rtd-theme", "zope.interface"]
tests = ["pytest (>=6.0.0,<7.0.0)", "coverage[toml] (==5.0.4)"]

[[package]]
name = "python-dotenv"
version = "1.1.0"
description = "Read key-value pairs from a .env file and set them as environment variables"
category = "main"
optional = false
python-versions = ">=3.9"

[package.extras]
cli = ["click (>=5.0)"]

[[package]]
name = "sqlparse"
version = "0.5.3"
description = "A non-validating SQL parser."
category = "main"
optional = false
python-versions = ">=3.8"

[package.extras]
dev = ["build", "hatch"]
doc = ["sphinx"]

[[package]]
name = "typing-extensions"
version = "4.13.2"
description = "Backported and Experimental Type Hints for Python 3.8+"
category = "main"
optional = false
python-versions = ">=3.8"

[[package]]
name = "tzdata"
version = "2025.2"
description = "Provider of IANA time zone data"
category = "main"
optional = false
python-versions = ">=2"

[metadata]
lock-version = "1.1"
python-versions = "^3.10"
content-hash = "6d5c800a948f5f6f1a59c0bf2876c0834a1b6968d87b5f4bd3d40060607c7fc6"

[metadata.files]
asgiref = []
django = []
django-cors-headers = []
django-filter = []
djangorestframework = []
djangorestframework-simplejwt = []
markdown = []
pillow = []
pyjwt = []
python-dotenv = []
sqlparse = []
typing-extensions = []
tzdata = []
